
Microsoft Visual Studio Solution File, Format Version 12.00
# Visual Studio 15
VisualStudioVersion = 15.0.27130.2020
MinimumVisualStudioVersion = 10.0.40219.1
Project("{2150E333-8FDC-42A3-9474-1A3956D46DE8}") = "0.文档", "0.文档", "{689B775F-F233-4429-884E-523C5BF135BE}"
EndProject
Project("{2150E333-8FDC-42A3-9474-1A3956D46DE8}") = "1.基础层", "1.基础层", "{32158CD3-7129-4702-B5AD-68B228E12D38}"
EndProject
Project("{2150E333-8FDC-42A3-9474-1A3956D46DE8}") = "2.领域层", "2.领域层", "{4260D579-DB7B-41BE-9E0B-904B06BF1034}"
EndProject
Project("{2150E333-8FDC-42A3-9474-1A3956D46DE8}") = "3.服务层", "3.服务层", "{70A6F1AB-8371-47B3-8404-0DED20FCA23A}"
EndProject
Project("{2150E333-8FDC-42A3-9474-1A3956D46DE8}") = "4.表现层", "4.表现层", "{DEF07C2F-DC02-450D-9A55-3BAE26505290}"
EndProject
Project("{9A19103F-16F7-4668-BE54-9A1E7A4F7556}") = "Ace.Core", "Ace.Core\Ace.Core.csproj", "{2BD49ED2-C0A4-42C6-BEBF-30BC81D03158}"
EndProject
Project("{9A19103F-16F7-4668-BE54-9A1E7A4F7556}") = "Ace.Utility", "Ace.Utility\Ace.Utility.csproj", "{60194ABA-AB5B-4DEA-A745-A75F4685BAF0}"
EndProject
Project("{9A19103F-16F7-4668-BE54-9A1E7A4F7556}") = "Ace.Entity", "Ace.Entity\Ace.Entity.csproj", "{05EF7ED1-A4A2-4B34-A18D-8A2D3F297F08}"
EndProject
Project("{9A19103F-16F7-4668-BE54-9A1E7A4F7556}") = "Ace.UnitOfWork", "Ace.UnitOfWork\Ace.UnitOfWork.csproj", "{5C038CF9-8E96-415A-AA8A-40592076D9FF}"
EndProject
Project("{9A19103F-16F7-4668-BE54-9A1E7A4F7556}") = "Ace.Dto", "Ace.Dto\Ace.Dto.csproj", "{3732D88F-BFC3-4BE6-B477-36A6CD27A023}"
EndProject
Project("{9A19103F-16F7-4668-BE54-9A1E7A4F7556}") = "Ace.Service", "Ace.Service\Ace.Service.csproj", "{3093C9A9-AC35-47A3-97F4-1253F95D66EE}"
EndProject
Project("{9A19103F-16F7-4668-BE54-9A1E7A4F7556}") = "Ace.Admin", "Ace.Admin\Ace.Admin.csproj", "{F4D37E95-5234-4050-B5AB-2C2C37286D89}"
EndProject
Project("{9A19103F-16F7-4668-BE54-9A1E7A4F7556}") = "Ace.Framework", "Ace.Framework\Ace.Framework.csproj", "{8099F334-13D4-4038-AE2C-9506D7FE6D04}"
EndProject
Project("{9A19103F-16F7-4668-BE54-9A1E7A4F7556}") = "Ace.WebApi", "Ace.WebApi\Ace.WebApi.csproj", "{41BD123D-C81A-49AA-B005-B4FFECC69D19}"
EndProject
Project("{2150E333-8FDC-42A3-9474-1A3956D46DE8}") = "Doc", "Doc", "{63D0DC36-10C3-4E80-BE2E-394A313CC280}"
	ProjectSection(SolutionItems) = preProject
		Doc\ace.sql = Doc\ace.sql
	EndProjectSection
EndProject
Global
	GlobalSection(SolutionConfigurationPlatforms) = preSolution
		Debug|Any CPU = Debug|Any CPU
		Release|Any CPU = Release|Any CPU
	EndGlobalSection
	GlobalSection(ProjectConfigurationPlatforms) = postSolution
		{2BD49ED2-C0A4-42C6-BEBF-30BC81D03158}.Debug|Any CPU.ActiveCfg = Debug|Any CPU
		{2BD49ED2-C0A4-42C6-BEBF-30BC81D03158}.Debug|Any CPU.Build.0 = Debug|Any CPU
		{2BD49ED2-C0A4-42C6-BEBF-30BC81D03158}.Release|Any CPU.ActiveCfg = Release|Any CPU
		{2BD49ED2-C0A4-42C6-BEBF-30BC81D03158}.Release|Any CPU.Build.0 = Release|Any CPU
		{60194ABA-AB5B-4DEA-A745-A75F4685BAF0}.Debug|Any CPU.ActiveCfg = Debug|Any CPU
		{60194ABA-AB5B-4DEA-A745-A75F4685BAF0}.Debug|Any CPU.Build.0 = Debug|Any CPU
		{60194ABA-AB5B-4DEA-A745-A75F4685BAF0}.Release|Any CPU.ActiveCfg = Release|Any CPU
		{60194ABA-AB5B-4DEA-A745-A75F4685BAF0}.Release|Any CPU.Build.0 = Release|Any CPU
		{05EF7ED1-A4A2-4B34-A18D-8A2D3F297F08}.Debug|Any CPU.ActiveCfg = Debug|Any CPU
		{05EF7ED1-A4A2-4B34-A18D-8A2D3F297F08}.Debug|Any CPU.Build.0 = Debug|Any CPU
		{05EF7ED1-A4A2-4B34-A18D-8A2D3F297F08}.Release|Any CPU.ActiveCfg = Release|Any CPU
		{05EF7ED1-A4A2-4B34-A18D-8A2D3F297F08}.Release|Any CPU.Build.0 = Release|Any CPU
		{5C038CF9-8E96-415A-AA8A-40592076D9FF}.Debug|Any CPU.ActiveCfg = Debug|Any CPU
		{5C038CF9-8E96-415A-AA8A-40592076D9FF}.Debug|Any CPU.Build.0 = Debug|Any CPU
		{5C038CF9-8E96-415A-AA8A-40592076D9FF}.Release|Any CPU.ActiveCfg = Release|Any CPU
		{5C038CF9-8E96-415A-AA8A-40592076D9FF}.Release|Any CPU.Build.0 = Release|Any CPU
		{3732D88F-BFC3-4BE6-B477-36A6CD27A023}.Debug|Any CPU.ActiveCfg = Debug|Any CPU
		{3732D88F-BFC3-4BE6-B477-36A6CD27A023}.Debug|Any CPU.Build.0 = Debug|Any CPU
		{3732D88F-BFC3-4BE6-B477-36A6CD27A023}.Release|Any CPU.ActiveCfg = Release|Any CPU
		{3732D88F-BFC3-4BE6-B477-36A6CD27A023}.Release|Any CPU.Build.0 = Release|Any CPU
		{3093C9A9-AC35-47A3-97F4-1253F95D66EE}.Debug|Any CPU.ActiveCfg = Debug|Any CPU
		{3093C9A9-AC35-47A3-97F4-1253F95D66EE}.Debug|Any CPU.Build.0 = Debug|Any CPU
		{3093C9A9-AC35-47A3-97F4-1253F95D66EE}.Release|Any CPU.ActiveCfg = Release|Any CPU
		{3093C9A9-AC35-47A3-97F4-1253F95D66EE}.Release|Any CPU.Build.0 = Release|Any CPU
		{F4D37E95-5234-4050-B5AB-2C2C37286D89}.Debug|Any CPU.ActiveCfg = Debug|Any CPU
		{F4D37E95-5234-4050-B5AB-2C2C37286D89}.Debug|Any CPU.Build.0 = Debug|Any CPU
		{F4D37E95-5234-4050-B5AB-2C2C37286D89}.Release|Any CPU.ActiveCfg = Release|Any CPU
		{F4D37E95-5234-4050-B5AB-2C2C37286D89}.Release|Any CPU.Build.0 = Release|Any CPU
		{8099F334-13D4-4038-AE2C-9506D7FE6D04}.Debug|Any CPU.ActiveCfg = Debug|Any CPU
		{8099F334-13D4-4038-AE2C-9506D7FE6D04}.Debug|Any CPU.Build.0 = Debug|Any CPU
		{8099F334-13D4-4038-AE2C-9506D7FE6D04}.Release|Any CPU.ActiveCfg = Release|Any CPU
		{8099F334-13D4-4038-AE2C-9506D7FE6D04}.Release|Any CPU.Build.0 = Release|Any CPU
		{41BD123D-C81A-49AA-B005-B4FFECC69D19}.Debug|Any CPU.ActiveCfg = Debug|Any CPU
		{41BD123D-C81A-49AA-B005-B4FFECC69D19}.Debug|Any CPU.Build.0 = Debug|Any CPU
		{41BD123D-C81A-49AA-B005-B4FFECC69D19}.Release|Any CPU.ActiveCfg = Release|Any CPU
		{41BD123D-C81A-49AA-B005-B4FFECC69D19}.Release|Any CPU.Build.0 = Release|Any CPU
	EndGlobalSection
	GlobalSection(SolutionProperties) = preSolution
		HideSolutionNode = FALSE
	EndGlobalSection
	GlobalSection(NestedProjects) = preSolution
		{2BD49ED2-C0A4-42C6-BEBF-30BC81D03158} = {32158CD3-7129-4702-B5AD-68B228E12D38}
		{60194ABA-AB5B-4DEA-A745-A75F4685BAF0} = {32158CD3-7129-4702-B5AD-68B228E12D38}
		{05EF7ED1-A4A2-4B34-A18D-8A2D3F297F08} = {4260D579-DB7B-41BE-9E0B-904B06BF1034}
		{5C038CF9-8E96-415A-AA8A-40592076D9FF} = {4260D579-DB7B-41BE-9E0B-904B06BF1034}
		{3732D88F-BFC3-4BE6-B477-36A6CD27A023} = {70A6F1AB-8371-47B3-8404-0DED20FCA23A}
		{3093C9A9-AC35-47A3-97F4-1253F95D66EE} = {70A6F1AB-8371-47B3-8404-0DED20FCA23A}
		{F4D37E95-5234-4050-B5AB-2C2C37286D89} = {DEF07C2F-DC02-450D-9A55-3BAE26505290}
		{8099F334-13D4-4038-AE2C-9506D7FE6D04} = {DEF07C2F-DC02-450D-9A55-3BAE26505290}
		{41BD123D-C81A-49AA-B005-B4FFECC69D19} = {DEF07C2F-DC02-450D-9A55-3BAE26505290}
		{63D0DC36-10C3-4E80-BE2E-394A313CC280} = {689B775F-F233-4429-884E-523C5BF135BE}
	EndGlobalSection
	GlobalSection(ExtensibilityGlobals) = postSolution
		SolutionGuid = {992AEC6F-1F1B-4C2C-B795-0EC747FFEC2D}
	EndGlobalSection
EndGlobal
