
Microsoft Visual Studio Solution File, Format Version 12.00
# Visual Studio 15
VisualStudioVersion = 15.0.27130.2020
MinimumVisualStudioVersion = 10.0.40219.1
Project("{2150E333-8FDC-42A3-9474-1A3956D46DE8}") = "_File", "_File", "{689B775F-F233-4429-884E-523C5BF135BE}"
EndProject
Project("{2150E333-8FDC-42A3-9474-1A3956D46DE8}") = "UI", "UI", "{DEF07C2F-DC02-450D-9A55-3BAE26505290}"
EndProject
Project("{9A19103F-16F7-4668-BE54-9A1E7A4F7556}") = "Ace.Entity", "Ace.Entity\Ace.Entity.csproj", "{05EF7ED1-A4A2-4B34-A18D-8A2D3F297F08}"
EndProject
Project("{9A19103F-16F7-4668-BE54-9A1E7A4F7556}") = "Ace.Dto", "Ace.Dto\Ace.Dto.csproj", "{3732D88F-BFC3-4BE6-B477-36A6CD27A023}"
EndProject
Project("{9A19103F-16F7-4668-BE54-9A1E7A4F7556}") = "Ace.Service", "Ace.Service\Ace.Service.csproj", "{3093C9A9-AC35-47A3-97F4-1253F95D66EE}"
EndProject
Project("{9A19103F-16F7-4668-BE54-9A1E7A4F7556}") = "Ace.Admin", "Ace.Admin\Ace.Admin.csproj", "{F4D37E95-5234-4050-B5AB-2C2C37286D89}"
EndProject
Project("{9A19103F-16F7-4668-BE54-9A1E7A4F7556}") = "Ace.WebApi", "Ace.WebApi\Ace.WebApi.csproj", "{41BD123D-C81A-49AA-B005-B4FFECC69D19}"
EndProject
Project("{2150E333-8FDC-42A3-9474-1A3956D46DE8}") = "Doc", "Doc", "{63D0DC36-10C3-4E80-BE2E-394A313CC280}"
	ProjectSection(SolutionItems) = preProject
		Doc\testdb.sql = Doc\testdb.sql
	EndProjectSection
EndProject
Project("{2150E333-8FDC-42A3-9474-1A3956D46DE8}") = "Lib", "Lib", "{01ECF7B6-F570-40C2-B178-42B6CA3C6FC8}"
	ProjectSection(SolutionItems) = preProject
		Lib\Ace.Core.dll = Lib\Ace.Core.dll
		Lib\Ace.Framework.dll = Lib\Ace.Framework.dll
		Lib\Ace.Utility.dll = Lib\Ace.Utility.dll
	EndProjectSection
EndProject
Project("{2150E333-8FDC-42A3-9474-1A3956D46DE8}") = "Service", "Service", "{5C6C2809-9EC5-47BC-91F5-BC23C08228F1}"
EndProject
Project("{2150E333-8FDC-42A3-9474-1A3956D46DE8}") = "Domain", "Domain", "{83213286-A6DA-49D3-8FB4-C677D4B96F24}"
EndProject
Project("{9A19103F-16F7-4668-BE54-9A1E7A4F7556}") = "Ace.UnitOfWork", "Ace.UnitOfWork\Ace.UnitOfWork.csproj", "{0AA45333-013E-4267-BFF2-08EB9FC3CDA5}"
EndProject
Global
	GlobalSection(SolutionConfigurationPlatforms) = preSolution
		Debug|Any CPU = Debug|Any CPU
		Release|Any CPU = Release|Any CPU
	EndGlobalSection
	GlobalSection(ProjectConfigurationPlatforms) = postSolution
		{05EF7ED1-A4A2-4B34-A18D-8A2D3F297F08}.Debug|Any CPU.ActiveCfg = Debug|Any CPU
		{05EF7ED1-A4A2-4B34-A18D-8A2D3F297F08}.Debug|Any CPU.Build.0 = Debug|Any CPU
		{05EF7ED1-A4A2-4B34-A18D-8A2D3F297F08}.Release|Any CPU.ActiveCfg = Release|Any CPU
		{05EF7ED1-A4A2-4B34-A18D-8A2D3F297F08}.Release|Any CPU.Build.0 = Release|Any CPU
		{3732D88F-BFC3-4BE6-B477-36A6CD27A023}.Debug|Any CPU.ActiveCfg = Debug|Any CPU
		{3732D88F-BFC3-4BE6-B477-36A6CD27A023}.Debug|Any CPU.Build.0 = Debug|Any CPU
		{3732D88F-BFC3-4BE6-B477-36A6CD27A023}.Release|Any CPU.ActiveCfg = Release|Any CPU
		{3732D88F-BFC3-4BE6-B477-36A6CD27A023}.Release|Any CPU.Build.0 = Release|Any CPU
		{3093C9A9-AC35-47A3-97F4-1253F95D66EE}.Debug|Any CPU.ActiveCfg = Debug|Any CPU
		{3093C9A9-AC35-47A3-97F4-1253F95D66EE}.Debug|Any CPU.Build.0 = Debug|Any CPU
		{3093C9A9-AC35-47A3-97F4-1253F95D66EE}.Release|Any CPU.ActiveCfg = Release|Any CPU
		{3093C9A9-AC35-47A3-97F4-1253F95D66EE}.Release|Any CPU.Build.0 = Release|Any CPU
		{F4D37E95-5234-4050-B5AB-2C2C37286D89}.Debug|Any CPU.ActiveCfg = Debug|Any CPU
		{F4D37E95-5234-4050-B5AB-2C2C37286D89}.Debug|Any CPU.Build.0 = Debug|Any CPU
		{F4D37E95-5234-4050-B5AB-2C2C37286D89}.Release|Any CPU.ActiveCfg = Release|Any CPU
		{F4D37E95-5234-4050-B5AB-2C2C37286D89}.Release|Any CPU.Build.0 = Release|Any CPU
		{41BD123D-C81A-49AA-B005-B4FFECC69D19}.Debug|Any CPU.ActiveCfg = Debug|Any CPU
		{41BD123D-C81A-49AA-B005-B4FFECC69D19}.Debug|Any CPU.Build.0 = Debug|Any CPU
		{41BD123D-C81A-49AA-B005-B4FFECC69D19}.Release|Any CPU.ActiveCfg = Release|Any CPU
		{41BD123D-C81A-49AA-B005-B4FFECC69D19}.Release|Any CPU.Build.0 = Release|Any CPU
		{0AA45333-013E-4267-BFF2-08EB9FC3CDA5}.Debug|Any CPU.ActiveCfg = Debug|Any CPU
		{0AA45333-013E-4267-BFF2-08EB9FC3CDA5}.Debug|Any CPU.Build.0 = Debug|Any CPU
		{0AA45333-013E-4267-BFF2-08EB9FC3CDA5}.Release|Any CPU.ActiveCfg = Release|Any CPU
		{0AA45333-013E-4267-BFF2-08EB9FC3CDA5}.Release|Any CPU.Build.0 = Release|Any CPU
	EndGlobalSection
	GlobalSection(SolutionProperties) = preSolution
		HideSolutionNode = FALSE
	EndGlobalSection
	GlobalSection(NestedProjects) = preSolution
		{05EF7ED1-A4A2-4B34-A18D-8A2D3F297F08} = {83213286-A6DA-49D3-8FB4-C677D4B96F24}
		{3732D88F-BFC3-4BE6-B477-36A6CD27A023} = {5C6C2809-9EC5-47BC-91F5-BC23C08228F1}
		{3093C9A9-AC35-47A3-97F4-1253F95D66EE} = {5C6C2809-9EC5-47BC-91F5-BC23C08228F1}
		{F4D37E95-5234-4050-B5AB-2C2C37286D89} = {DEF07C2F-DC02-450D-9A55-3BAE26505290}
		{41BD123D-C81A-49AA-B005-B4FFECC69D19} = {DEF07C2F-DC02-450D-9A55-3BAE26505290}
		{63D0DC36-10C3-4E80-BE2E-394A313CC280} = {689B775F-F233-4429-884E-523C5BF135BE}
		{01ECF7B6-F570-40C2-B178-42B6CA3C6FC8} = {689B775F-F233-4429-884E-523C5BF135BE}
		{0AA45333-013E-4267-BFF2-08EB9FC3CDA5} = {83213286-A6DA-49D3-8FB4-C677D4B96F24}
	EndGlobalSection
	GlobalSection(ExtensibilityGlobals) = postSolution
		SolutionGuid = {992AEC6F-1F1B-4C2C-B795-0EC747FFEC2D}
	EndGlobalSection
EndGlobal
