
Microsoft Visual Studio Solution File, Format Version 12.00
# Visual Studio 15
VisualStudioVersion = 15.0.28307.705
MinimumVisualStudioVersion = 10.0.40219.1
Project("{9A19103F-16F7-4668-BE54-9A1E7A4F7556}") = "Ace.Application", "Ace.Application\Ace.Application.csproj", "{23ECC242-8760-4B61-B18C-CE4AF220B8B0}"
EndProject
Project("{9A19103F-16F7-4668-BE54-9A1E7A4F7556}") = "Ace.Core", "Ace.Core\Ace.Core.csproj", "{9E067C71-A521-4151-AC17-23F5DCED8612}"
EndProject
Project("{9A19103F-16F7-4668-BE54-9A1E7A4F7556}") = "Ace.EntityFrameworkCore", "Ace.EntityFrameworkCore\Ace.EntityFrameworkCore.csproj", "{D0DF6EDD-68E1-4AA9-9F10-8E28B0BA60FB}"
EndProject
Project("{9A19103F-16F7-4668-BE54-9A1E7A4F7556}") = "Ace.Web.Core", "Ace.Web.Core\Ace.Web.Core.csproj", "{8A659E04-2645-42EA-AA09-F1BEC8017087}"
EndProject
Project("{9A19103F-16F7-4668-BE54-9A1E7A4F7556}") = "Ace.Web.Host", "Ace.Web.Host\Ace.Web.Host.csproj", "{FE1CEB30-67D8-4427-960E-258BDBE511E2}"
EndProject
Global
	GlobalSection(SolutionConfigurationPlatforms) = preSolution
		Debug|Any CPU = Debug|Any CPU
		Release|Any CPU = Release|Any CPU
	EndGlobalSection
	GlobalSection(ProjectConfigurationPlatforms) = postSolution
		{23ECC242-8760-4B61-B18C-CE4AF220B8B0}.Debug|Any CPU.ActiveCfg = Debug|Any CPU
		{23ECC242-8760-4B61-B18C-CE4AF220B8B0}.Debug|Any CPU.Build.0 = Debug|Any CPU
		{23ECC242-8760-4B61-B18C-CE4AF220B8B0}.Release|Any CPU.ActiveCfg = Release|Any CPU
		{23ECC242-8760-4B61-B18C-CE4AF220B8B0}.Release|Any CPU.Build.0 = Release|Any CPU
		{9E067C71-A521-4151-AC17-23F5DCED8612}.Debug|Any CPU.ActiveCfg = Debug|Any CPU
		{9E067C71-A521-4151-AC17-23F5DCED8612}.Debug|Any CPU.Build.0 = Debug|Any CPU
		{9E067C71-A521-4151-AC17-23F5DCED8612}.Release|Any CPU.ActiveCfg = Release|Any CPU
		{9E067C71-A521-4151-AC17-23F5DCED8612}.Release|Any CPU.Build.0 = Release|Any CPU
		{D0DF6EDD-68E1-4AA9-9F10-8E28B0BA60FB}.Debug|Any CPU.ActiveCfg = Debug|Any CPU
		{D0DF6EDD-68E1-4AA9-9F10-8E28B0BA60FB}.Debug|Any CPU.Build.0 = Debug|Any CPU
		{D0DF6EDD-68E1-4AA9-9F10-8E28B0BA60FB}.Release|Any CPU.ActiveCfg = Release|Any CPU
		{D0DF6EDD-68E1-4AA9-9F10-8E28B0BA60FB}.Release|Any CPU.Build.0 = Release|Any CPU
		{8A659E04-2645-42EA-AA09-F1BEC8017087}.Debug|Any CPU.ActiveCfg = Debug|Any CPU
		{8A659E04-2645-42EA-AA09-F1BEC8017087}.Debug|Any CPU.Build.0 = Debug|Any CPU
		{8A659E04-2645-42EA-AA09-F1BEC8017087}.Release|Any CPU.ActiveCfg = Release|Any CPU
		{8A659E04-2645-42EA-AA09-F1BEC8017087}.Release|Any CPU.Build.0 = Release|Any CPU
		{FE1CEB30-67D8-4427-960E-258BDBE511E2}.Debug|Any CPU.ActiveCfg = Debug|Any CPU
		{FE1CEB30-67D8-4427-960E-258BDBE511E2}.Debug|Any CPU.Build.0 = Debug|Any CPU
		{FE1CEB30-67D8-4427-960E-258BDBE511E2}.Release|Any CPU.ActiveCfg = Release|Any CPU
		{FE1CEB30-67D8-4427-960E-258BDBE511E2}.Release|Any CPU.Build.0 = Release|Any CPU
	EndGlobalSection
	GlobalSection(SolutionProperties) = preSolution
		HideSolutionNode = FALSE
	EndGlobalSection
	GlobalSection(ExtensibilityGlobals) = postSolution
		SolutionGuid = {C1250945-B3EF-491E-B52E-FF102B1CB501}
	EndGlobalSection
EndGlobal
